
Microsoft Visual Studio Solution File, Format Version 12.00
# Visual Studio 15
VisualStudioVersion = 15.0.28307.1062
MinimumVisualStudioVersion = 10.0.40219.1
Project("{8BC9CEB8-8B4A-11D0-8D11-00A0C91BC942}") = "Sgd_game", "Sgd_game\Sgd_game.vcxproj", "{37FF7E23-FBEC-4885-A404-486DD4645FA8}"
EndProject
Global
	GlobalSection(SolutionConfigurationPlatforms) = preSolution
		Debug|x64 = Debug|x64
		Debug|x86 = Debug|x86
		Release|x64 = Release|x64
		Release|x86 = Release|x86
	EndGlobalSection
	GlobalSection(ProjectConfigurationPlatforms) = postSolution
		{37FF7E23-FBEC-4885-A404-486DD4645FA8}.Debug|x64.ActiveCfg = Debug|x64
		{37FF7E23-FBEC-4885-A404-486DD4645FA8}.Debug|x64.Build.0 = Debug|x64
		{37FF7E23-FBEC-4885-A404-486DD4645FA8}.Debug|x86.ActiveCfg = Debug|Win32
		{37FF7E23-FBEC-4885-A404-486DD4645FA8}.Debug|x86.Build.0 = Debug|Win32
		{37FF7E23-FBEC-4885-A404-486DD4645FA8}.Release|x64.ActiveCfg = Release|x64
		{37FF7E23-FBEC-4885-A404-486DD4645FA8}.Release|x64.Build.0 = Release|x64
		{37FF7E23-FBEC-4885-A404-486DD4645FA8}.Release|x86.ActiveCfg = Release|Win32
		{37FF7E23-FBEC-4885-A404-486DD4645FA8}.Release|x86.Build.0 = Release|Win32
	EndGlobalSection
	GlobalSection(SolutionProperties) = preSolution
		HideSolutionNode = FALSE
	EndGlobalSection
	GlobalSection(ExtensibilityGlobals) = postSolution
		SolutionGuid = {0FE05B1C-CB3F-484C-921C-797726BA74A7}
	EndGlobalSection
EndGlobal
